// !$*UTF8*$!
{
	archiveVersion = 1;
	classes = {
	};
	objectVersion = 46;
	objects = {

/* Begin PBXBuildFile section */
		C8FCBF351A8BF01300AC8AD1 /* AppDelegate.swift in Sources */ = {isa = PBXBuildFile; fileRef = C8FCBF341A8BF01300AC8AD1 /* AppDelegate.swift */; };
		C8FCBF371A8BF01300AC8AD1 /* CharacterMasterViewController.swift in Sources */ = {isa = PBXBuildFile; fileRef = C8FCBF361A8BF01300AC8AD1 /* CharacterMasterViewController.swift */; };
		C8FCBF3A1A8BF01300AC8AD1 /* Main.storyboard in Resources */ = {isa = PBXBuildFile; fileRef = C8FCBF381A8BF01300AC8AD1 /* Main.storyboard */; };
		C8FCBF3C1A8BF01300AC8AD1 /* Images.xcassets in Resources */ = {isa = PBXBuildFile; fileRef = C8FCBF3B1A8BF01300AC8AD1 /* Images.xcassets */; };
		C8FCBF3F1A8BF01300AC8AD1 /* LaunchScreen.xib in Resources */ = {isa = PBXBuildFile; fileRef = C8FCBF3D1A8BF01300AC8AD1 /* LaunchScreen.xib */; };
		C8FCBF4B1A8BF01300AC8AD1 /* Betrayal_Character_StatsTests.swift in Sources */ = {isa = PBXBuildFile; fileRef = C8FCBF4A1A8BF01300AC8AD1 /* Betrayal_Character_StatsTests.swift */; };
		C8FCBF551A8BF14800AC8AD1 /* CharacterDetailViewController.swift in Sources */ = {isa = PBXBuildFile; fileRef = C8FCBF541A8BF14800AC8AD1 /* CharacterDetailViewController.swift */; };
		C8FCBF591A8C05C800AC8AD1 /* CharacterData.swift in Sources */ = {isa = PBXBuildFile; fileRef = C8FCBF581A8C05C800AC8AD1 /* CharacterData.swift */; };
		C8FCBF5B1A8C0C0F00AC8AD1 /* Character.swift in Sources */ = {isa = PBXBuildFile; fileRef = C8FCBF5A1A8C0C0F00AC8AD1 /* Character.swift */; };
		C8FCBF5D1A8D35FB00AC8AD1 /* CharacterCard.swift in Sources */ = {isa = PBXBuildFile; fileRef = C8FCBF5C1A8D35FB00AC8AD1 /* CharacterCard.swift */; };
		C8FCBF5F1A8D38BA00AC8AD1 /* CharacterStat.swift in Sources */ = {isa = PBXBuildFile; fileRef = C8FCBF5E1A8D38BA00AC8AD1 /* CharacterStat.swift */; };
/* End PBXBuildFile section */

/* Begin PBXContainerItemProxy section */
		C8FCBF451A8BF01300AC8AD1 /* PBXContainerItemProxy */ = {
			isa = PBXContainerItemProxy;
			containerPortal = C8FCBF271A8BF01300AC8AD1 /* Project object */;
			proxyType = 1;
			remoteGlobalIDString = C8FCBF2E1A8BF01300AC8AD1;
			remoteInfo = "Betrayal Character Stats";
		};
/* End PBXContainerItemProxy section */

/* Begin PBXFileReference section */
		C8FCBF2F1A8BF01300AC8AD1 /* Betrayal Character Stats.app */ = {isa = PBXFileReference; explicitFileType = wrapper.application; includeInIndex = 0; path = "Betrayal Character Stats.app"; sourceTree = BUILT_PRODUCTS_DIR; };
		C8FCBF331A8BF01300AC8AD1 /* Info.plist */ = {isa = PBXFileReference; lastKnownFileType = text.plist.xml; path = Info.plist; sourceTree = "<group>"; };
		C8FCBF341A8BF01300AC8AD1 /* AppDelegate.swift */ = {isa = PBXFileReference; lastKnownFileType = sourcecode.swift; path = AppDelegate.swift; sourceTree = "<group>"; };
		C8FCBF361A8BF01300AC8AD1 /* CharacterMasterViewController.swift */ = {isa = PBXFileReference; lastKnownFileType = sourcecode.swift; path = CharacterMasterViewController.swift; sourceTree = "<group>"; };
		C8FCBF391A8BF01300AC8AD1 /* Base */ = {isa = PBXFileReference; lastKnownFileType = file.storyboard; name = Base; path = Base.lproj/Main.storyboard; sourceTree = "<group>"; };
		C8FCBF3B1A8BF01300AC8AD1 /* Images.xcassets */ = {isa = PBXFileReference; lastKnownFileType = folder.assetcatalog; path = Images.xcassets; sourceTree = "<group>"; };
		C8FCBF3E1A8BF01300AC8AD1 /* Base */ = {isa = PBXFileReference; lastKnownFileType = file.xib; name = Base; path = Base.lproj/LaunchScreen.xib; sourceTree = "<group>"; };
		C8FCBF441A8BF01300AC8AD1 /* Betrayal Character StatsTests.xctest */ = {isa = PBXFileReference; explicitFileType = wrapper.cfbundle; includeInIndex = 0; path = "Betrayal Character StatsTests.xctest"; sourceTree = BUILT_PRODUCTS_DIR; };
		C8FCBF491A8BF01300AC8AD1 /* Info.plist */ = {isa = PBXFileReference; lastKnownFileType = text.plist.xml; path = Info.plist; sourceTree = "<group>"; };
		C8FCBF4A1A8BF01300AC8AD1 /* Betrayal_Character_StatsTests.swift */ = {isa = PBXFileReference; lastKnownFileType = sourcecode.swift; path = Betrayal_Character_StatsTests.swift; sourceTree = "<group>"; };
		C8FCBF541A8BF14800AC8AD1 /* CharacterDetailViewController.swift */ = {isa = PBXFileReference; fileEncoding = 4; lastKnownFileType = sourcecode.swift; path = CharacterDetailViewController.swift; sourceTree = "<group>"; };
		C8FCBF581A8C05C800AC8AD1 /* CharacterData.swift */ = {isa = PBXFileReference; fileEncoding = 4; lastKnownFileType = sourcecode.swift; path = CharacterData.swift; sourceTree = "<group>"; };
		C8FCBF5A1A8C0C0F00AC8AD1 /* Character.swift */ = {isa = PBXFileReference; fileEncoding = 4; lastKnownFileType = sourcecode.swift; path = Character.swift; sourceTree = "<group>"; };
		C8FCBF5C1A8D35FB00AC8AD1 /* CharacterCard.swift */ = {isa = PBXFileReference; fileEncoding = 4; lastKnownFileType = sourcecode.swift; path = CharacterCard.swift; sourceTree = "<group>"; };
		C8FCBF5E1A8D38BA00AC8AD1 /* CharacterStat.swift */ = {isa = PBXFileReference; fileEncoding = 4; lastKnownFileType = sourcecode.swift; path = CharacterStat.swift; sourceTree = "<group>"; };
/* End PBXFileReference section */

/* Begin PBXFrameworksBuildPhase section */
		C8FCBF2C1A8BF01300AC8AD1 /* Frameworks */ = {
			isa = PBXFrameworksBuildPhase;
			buildActionMask = 2147483647;
			files = (
			);
			runOnlyForDeploymentPostprocessing = 0;
		};
		C8FCBF411A8BF01300AC8AD1 /* Frameworks */ = {
			isa = PBXFrameworksBuildPhase;
			buildActionMask = 2147483647;
			files = (
			);
			runOnlyForDeploymentPostprocessing = 0;
		};
/* End PBXFrameworksBuildPhase section */

/* Begin PBXGroup section */
		C8FCBF261A8BF01300AC8AD1 = {
			isa = PBXGroup;
			children = (
				C8FCBF311A8BF01300AC8AD1 /* Betrayal Character Stats */,
				C8FCBF471A8BF01300AC8AD1 /* Betrayal Character StatsTests */,
				C8FCBF301A8BF01300AC8AD1 /* Products */,
			);
			sourceTree = "<group>";
		};
		C8FCBF301A8BF01300AC8AD1 /* Products */ = {
			isa = PBXGroup;
			children = (
				C8FCBF2F1A8BF01300AC8AD1 /* Betrayal Character Stats.app */,
				C8FCBF441A8BF01300AC8AD1 /* Betrayal Character StatsTests.xctest */,
			);
			name = Products;
			sourceTree = "<group>";
		};
		C8FCBF311A8BF01300AC8AD1 /* Betrayal Character Stats */ = {
			isa = PBXGroup;
			children = (
				C8FCBF341A8BF01300AC8AD1 /* AppDelegate.swift */,
				C8FCBF361A8BF01300AC8AD1 /* CharacterMasterViewController.swift */,
				C8FCBF541A8BF14800AC8AD1 /* CharacterDetailViewController.swift */,
				C8FCBF581A8C05C800AC8AD1 /* CharacterData.swift */,
				C8FCBF5C1A8D35FB00AC8AD1 /* CharacterCard.swift */,
				C8FCBF5A1A8C0C0F00AC8AD1 /* Character.swift */,
				C8FCBF5E1A8D38BA00AC8AD1 /* CharacterStat.swift */,
				C8FCBF381A8BF01300AC8AD1 /* Main.storyboard */,
				C8FCBF3B1A8BF01300AC8AD1 /* Images.xcassets */,
				C8FCBF3D1A8BF01300AC8AD1 /* LaunchScreen.xib */,
				C8FCBF321A8BF01300AC8AD1 /* Supporting Files */,
			);
			path = "Betrayal Character Stats";
			sourceTree = "<group>";
		};
		C8FCBF321A8BF01300AC8AD1 /* Supporting Files */ = {
			isa = PBXGroup;
			children = (
				C8FCBF331A8BF01300AC8AD1 /* Info.plist */,
			);
			name = "Supporting Files";
			sourceTree = "<group>";
		};
		C8FCBF471A8BF01300AC8AD1 /* Betrayal Character StatsTests */ = {
			isa = PBXGroup;
			children = (
				C8FCBF4A1A8BF01300AC8AD1 /* Betrayal_Character_StatsTests.swift */,
				C8FCBF481A8BF01300AC8AD1 /* Supporting Files */,
			);
			path = "Betrayal Character StatsTests";
			sourceTree = "<group>";
		};
		C8FCBF481A8BF01300AC8AD1 /* Supporting Files */ = {
			isa = PBXGroup;
			children = (
				C8FCBF491A8BF01300AC8AD1 /* Info.plist */,
			);
			name = "Supporting Files";
			sourceTree = "<group>";
		};
/* End PBXGroup section */

/* Begin PBXNativeTarget section */
		C8FCBF2E1A8BF01300AC8AD1 /* Betrayal Character Stats */ = {
			isa = PBXNativeTarget;
			buildConfigurationList = C8FCBF4E1A8BF01300AC8AD1 /* Build configuration list for PBXNativeTarget "Betrayal Character Stats" */;
			buildPhases = (
				C8FCBF2B1A8BF01300AC8AD1 /* Sources */,
				C8FCBF2C1A8BF01300AC8AD1 /* Frameworks */,
				C8FCBF2D1A8BF01300AC8AD1 /* Resources */,
			);
			buildRules = (
			);
			dependencies = (
			);
			name = "Betrayal Character Stats";
			productName = "Betrayal Character Stats";
			productReference = C8FCBF2F1A8BF01300AC8AD1 /* Betrayal Character Stats.app */;
			productType = "com.apple.product-type.application";
		};
		C8FCBF431A8BF01300AC8AD1 /* Betrayal Character StatsTests */ = {
			isa = PBXNativeTarget;
			buildConfigurationList = C8FCBF511A8BF01300AC8AD1 /* Build configuration list for PBXNativeTarget "Betrayal Character StatsTests" */;
			buildPhases = (
				C8FCBF401A8BF01300AC8AD1 /* Sources */,
				C8FCBF411A8BF01300AC8AD1 /* Frameworks */,
				C8FCBF421A8BF01300AC8AD1 /* Resources */,
			);
			buildRules = (
			);
			dependencies = (
				C8FCBF461A8BF01300AC8AD1 /* PBXTargetDependency */,
			);
			name = "Betrayal Character StatsTests";
			productName = "Betrayal Character StatsTests";
			productReference = C8FCBF441A8BF01300AC8AD1 /* Betrayal Character StatsTests.xctest */;
			productType = "com.apple.product-type.bundle.unit-test";
		};
/* End PBXNativeTarget section */

/* Begin PBXProject section */
		C8FCBF271A8BF01300AC8AD1 /* Project object */ = {
			isa = PBXProject;
			attributes = {
				LastUpgradeCheck = 0610;
				ORGANIZATIONNAME = "Jacob Wittenauer";
				TargetAttributes = {
					C8FCBF2E1A8BF01300AC8AD1 = {
						CreatedOnToolsVersion = 6.1.1;
					};
					C8FCBF431A8BF01300AC8AD1 = {
						CreatedOnToolsVersion = 6.1.1;
						TestTargetID = C8FCBF2E1A8BF01300AC8AD1;
					};
				};
			};
			buildConfigurationList = C8FCBF2A1A8BF01300AC8AD1 /* Build configuration list for PBXProject "Betrayal Character Stats" */;
			compatibilityVersion = "Xcode 3.2";
			developmentRegion = English;
			hasScannedForEncodings = 0;
			knownRegions = (
				en,
				Base,
			);
			mainGroup = C8FCBF261A8BF01300AC8AD1;
			productRefGroup = C8FCBF301A8BF01300AC8AD1 /* Products */;
			projectDirPath = "";
			projectRoot = "";
			targets = (
				C8FCBF2E1A8BF01300AC8AD1 /* Betrayal Character Stats */,
				C8FCBF431A8BF01300AC8AD1 /* Betrayal Character StatsTests */,
			);
		};
/* End PBXProject section */

/* Begin PBXResourcesBuildPhase section */
		C8FCBF2D1A8BF01300AC8AD1 /* Resources */ = {
			isa = PBXResourcesBuildPhase;
			buildActionMask = 2147483647;
			files = (
				C8FCBF3A1A8BF01300AC8AD1 /* Main.storyboard in Resources */,
				C8FCBF3F1A8BF01300AC8AD1 /* LaunchScreen.xib in Resources */,
				C8FCBF3C1A8BF01300AC8AD1 /* Images.xcassets in Resources */,
			);
			runOnlyForDeploymentPostprocessing = 0;
		};
		C8FCBF421A8BF01300AC8AD1 /* Resources */ = {
			isa = PBXResourcesBuildPhase;
			buildActionMask = 2147483647;
			files = (
			);
			runOnlyForDeploymentPostprocessing = 0;
		};
/* End PBXResourcesBuildPhase section */

/* Begin PBXSourcesBuildPhase section */
		C8FCBF2B1A8BF01300AC8AD1 /* Sources */ = {
			isa = PBXSourcesBuildPhase;
			buildActionMask = 2147483647;
			files = (
				C8FCBF371A8BF01300AC8AD1 /* CharacterMasterViewController.swift in Sources */,
				C8FCBF591A8C05C800AC8AD1 /* CharacterData.swift in Sources */,
				C8FCBF5B1A8C0C0F00AC8AD1 /* Character.swift in Sources */,
				C8FCBF5D1A8D35FB00AC8AD1 /* CharacterCard.swift in Sources */,
				C8FCBF551A8BF14800AC8AD1 /* CharacterDetailViewController.swift in Sources */,
				C8FCBF5F1A8D38BA00AC8AD1 /* CharacterStat.swift in Sources */,
				C8FCBF351A8BF01300AC8AD1 /* AppDelegate.swift in Sources */,
			);
			runOnlyForDeploymentPostprocessing = 0;
		};
		C8FCBF401A8BF01300AC8AD1 /* Sources */ = {
			isa = PBXSourcesBuildPhase;
			buildActionMask = 2147483647;
			files = (
				C8FCBF4B1A8BF01300AC8AD1 /* Betrayal_Character_StatsTests.swift in Sources */,
			);
			runOnlyForDeploymentPostprocessing = 0;
		};
/* End PBXSourcesBuildPhase section */

/* Begin PBXTargetDependency section */
		C8FCBF461A8BF01300AC8AD1 /* PBXTargetDependency */ = {
			isa = PBXTargetDependency;
			target = C8FCBF2E1A8BF01300AC8AD1 /* Betrayal Character Stats */;
			targetProxy = C8FCBF451A8BF01300AC8AD1 /* PBXContainerItemProxy */;
		};
/* End PBXTargetDependency section */

/* Begin PBXVariantGroup section */
		C8FCBF381A8BF01300AC8AD1 /* Main.storyboard */ = {
			isa = PBXVariantGroup;
			children = (
				C8FCBF391A8BF01300AC8AD1 /* Base */,
			);
			name = Main.storyboard;
			sourceTree = "<group>";
		};
		C8FCBF3D1A8BF01300AC8AD1 /* LaunchScreen.xib */ = {
			isa = PBXVariantGroup;
			children = (
				C8FCBF3E1A8BF01300AC8AD1 /* Base */,
			);
			name = LaunchScreen.xib;
			sourceTree = "<group>";
		};
/* End PBXVariantGroup section */

/* Begin XCBuildConfiguration section */
		C8FCBF4C1A8BF01300AC8AD1 /* Debug */ = {
			isa = XCBuildConfiguration;
			buildSettings = {
				ALWAYS_SEARCH_USER_PATHS = NO;
				CLANG_CXX_LANGUAGE_STANDARD = "gnu++0x";
				CLANG_CXX_LIBRARY = "libc++";
				CLANG_ENABLE_MODULES = YES;
				CLANG_ENABLE_OBJC_ARC = YES;
				CLANG_WARN_BOOL_CONVERSION = YES;
				CLANG_WARN_CONSTANT_CONVERSION = YES;
				CLANG_WARN_DIRECT_OBJC_ISA_USAGE = YES_ERROR;
				CLANG_WARN_EMPTY_BODY = YES;
				CLANG_WARN_ENUM_CONVERSION = YES;
				CLANG_WARN_INT_CONVERSION = YES;
				CLANG_WARN_OBJC_ROOT_CLASS = YES_ERROR;
				CLANG_WARN_UNREACHABLE_CODE = YES;
				CLANG_WARN__DUPLICATE_METHOD_MATCH = YES;
				"CODE_SIGN_IDENTITY[sdk=iphoneos*]" = "iPhone Developer";
				COPY_PHASE_STRIP = NO;
				ENABLE_STRICT_OBJC_MSGSEND = YES;
				GCC_C_LANGUAGE_STANDARD = gnu99;
				GCC_DYNAMIC_NO_PIC = NO;
				GCC_OPTIMIZATION_LEVEL = 0;
				GCC_PREPROCESSOR_DEFINITIONS = (
					"DEBUG=1",
					"$(inherited)",
				);
				GCC_SYMBOLS_PRIVATE_EXTERN = NO;
				GCC_WARN_64_TO_32_BIT_CONVERSION = YES;
				GCC_WARN_ABOUT_RETURN_TYPE = YES_ERROR;
				GCC_WARN_UNDECLARED_SELECTOR = YES;
				GCC_WARN_UNINITIALIZED_AUTOS = YES_AGGRESSIVE;
				GCC_WARN_UNUSED_FUNCTION = YES;
				GCC_WARN_UNUSED_VARIABLE = YES;
				IPHONEOS_DEPLOYMENT_TARGET = 8.1;
				MTL_ENABLE_DEBUG_INFO = YES;
				ONLY_ACTIVE_ARCH = YES;
				SDKROOT = iphoneos;
				SWIFT_OPTIMIZATION_LEVEL = "-Onone";
				TARGETED_DEVICE_FAMILY = "1,2";
			};
			name = Debug;
		};
		C8FCBF4D1A8BF01300AC8AD1 /* Release */ = {
			isa = XCBuildConfiguration;
			buildSettings = {
				ALWAYS_SEARCH_USER_PATHS = NO;
				CLANG_CXX_LANGUAGE_STANDARD = "gnu++0x";
				CLANG_CXX_LIBRARY = "libc++";
				CLANG_ENABLE_MODULES = YES;
				CLANG_ENABLE_OBJC_ARC = YES;
				CLANG_WARN_BOOL_CONVERSION = YES;
				CLANG_WARN_CONSTANT_CONVERSION = YES;
				CLANG_WARN_DIRECT_OBJC_ISA_USAGE = YES_ERROR;
				CLANG_WARN_EMPTY_BODY = YES;
				CLANG_WARN_ENUM_CONVERSION = YES;
				CLANG_WARN_INT_CONVERSION = YES;
				CLANG_WARN_OBJC_ROOT_CLASS = YES_ERROR;
				CLANG_WARN_UNREACHABLE_CODE = YES;
				CLANG_WARN__DUPLICATE_METHOD_MATCH = YES;
				"CODE_SIGN_IDENTITY[sdk=iphoneos*]" = "iPhone Developer";
				COPY_PHASE_STRIP = YES;
				ENABLE_NS_ASSERTIONS = NO;
				ENABLE_STRICT_OBJC_MSGSEND = YES;
				GCC_C_LANGUAGE_STANDARD = gnu99;
				GCC_WARN_64_TO_32_BIT_CONVERSION = YES;
				GCC_WARN_ABOUT_RETURN_TYPE = YES_ERROR;
				GCC_WARN_UNDECLARED_SELECTOR = YES;
				GCC_WARN_UNINITIALIZED_AUTOS = YES_AGGRESSIVE;
				GCC_WARN_UNUSED_FUNCTION = YES;
				GCC_WARN_UNUSED_VARIABLE = YES;
				IPHONEOS_DEPLOYMENT_TARGET = 8.1;
				MTL_ENABLE_DEBUG_INFO = NO;
				SDKROOT = iphoneos;
				TARGETED_DEVICE_FAMILY = "1,2";
				VALIDATE_PRODUCT = YES;
			};
			name = Release;
		};
		C8FCBF4F1A8BF01300AC8AD1 /* Debug */ = {
			isa = XCBuildConfiguration;
			buildSettings = {
				ASSETCATALOG_COMPILER_APPICON_NAME = AppIcon;
				INFOPLIST_FILE = "Betrayal Character Stats/Info.plist";
				LD_RUNPATH_SEARCH_PATHS = "$(inherited) @executable_path/Frameworks";
				PRODUCT_NAME = "$(TARGET_NAME)";
			};
			name = Debug;
		};
		C8FCBF501A8BF01300AC8AD1 /* Release */ = {
			isa = XCBuildConfiguration;
			buildSettings = {
				ASSETCATALOG_COMPILER_APPICON_NAME = AppIcon;
				INFOPLIST_FILE = "Betrayal Character Stats/Info.plist";
				LD_RUNPATH_SEARCH_PATHS = "$(inherited) @executable_path/Frameworks";
				PRODUCT_NAME = "$(TARGET_NAME)";
			};
			name = Release;
		};
		C8FCBF521A8BF01300AC8AD1 /* Debug */ = {
			isa = XCBuildConfiguration;
			buildSettings = {
				BUNDLE_LOADER = "$(TEST_HOST)";
				FRAMEWORK_SEARCH_PATHS = (
					"$(SDKROOT)/Developer/Library/Frameworks",
					"$(inherited)",
				);
				GCC_PREPROCESSOR_DEFINITIONS = (
					"DEBUG=1",
					"$(inherited)",
				);
				INFOPLIST_FILE = "Betrayal Character StatsTests/Info.plist";
				LD_RUNPATH_SEARCH_PATHS = "$(inherited) @executable_path/Frameworks @loader_path/Frameworks";
				PRODUCT_NAME = "$(TARGET_NAME)";
				TEST_HOST = "$(BUILT_PRODUCTS_DIR)/Betrayal Character Stats.app/Betrayal Character Stats";
			};
			name = Debug;
		};
		C8FCBF531A8BF01300AC8AD1 /* Release */ = {
			isa = XCBuildConfiguration;
			buildSettings = {
				BUNDLE_LOADER = "$(TEST_HOST)";
				FRAMEWORK_SEARCH_PATHS = (
					"$(SDKROOT)/Developer/Library/Frameworks",
					"$(inherited)",
				);
				INFOPLIST_FILE = "Betrayal Character StatsTests/Info.plist";
				LD_RUNPATH_SEARCH_PATHS = "$(inherited) @executable_path/Frameworks @loader_path/Frameworks";
				PRODUCT_NAME = "$(TARGET_NAME)";
				TEST_HOST = "$(BUILT_PRODUCTS_DIR)/Betrayal Character Stats.app/Betrayal Character Stats";
			};
			name = Release;
		};
/* End XCBuildConfiguration section */

/* Begin XCConfigurationList section */
		C8FCBF2A1A8BF01300AC8AD1 /* Build configuration list for PBXProject "Betrayal Character Stats" */ = {
			isa = XCConfigurationList;
			buildConfigurations = (
				C8FCBF4C1A8BF01300AC8AD1 /* Debug */,
				C8FCBF4D1A8BF01300AC8AD1 /* Release */,
			);
			defaultConfigurationIsVisible = 0;
			defaultConfigurationName = Release;
		};
		C8FCBF4E1A8BF01300AC8AD1 /* Build configuration list for PBXNativeTarget "Betrayal Character Stats" */ = {
			isa = XCConfigurationList;
			buildConfigurations = (
				C8FCBF4F1A8BF01300AC8AD1 /* Debug */,
				C8FCBF501A8BF01300AC8AD1 /* Release */,
			);
			defaultConfigurationIsVisible = 0;
			defaultConfigurationName = Release;
		};
		C8FCBF511A8BF01300AC8AD1 /* Build configuration list for PBXNativeTarget "Betrayal Character StatsTests" */ = {
			isa = XCConfigurationList;
			buildConfigurations = (
				C8FCBF521A8BF01300AC8AD1 /* Debug */,
				C8FCBF531A8BF01300AC8AD1 /* Release */,
			);
			defaultConfigurationIsVisible = 0;
			defaultConfigurationName = Release;
		};
/* End XCConfigurationList section */
	};
	rootObject = C8FCBF271A8BF01300AC8AD1 /* Project object */;
}
